
Microsoft Visual Studio Solution File, Format Version 12.00
# Visual Studio Version 16
VisualStudioVersion = 16.0.30517.126
MinimumVisualStudioVersion = 10.0.40219.1
Project("{FAE04EC0-301F-11D3-BF4B-00C04F79EFBC}") = "BlazorApp1.Server", "BlazorApp1\Server\BlazorApp1.Server.csproj", "{F8B0126B-1967-4B55-BAF9-568283185A18}"
EndProject
Project("{FAE04EC0-301F-11D3-BF4B-00C04F79EFBC}") = "BlazorApp1.Client", "BlazorApp1\Client\BlazorApp1.Client.csproj", "{3243039D-B8B8-43E7-8C48-C10CFC5CAB37}"
EndProject
Project("{FAE04EC0-301F-11D3-BF4B-00C04F79EFBC}") = "BlazorApp1.Shared", "BlazorApp1\Shared\BlazorApp1.Shared.csproj", "{140511CD-2E98-47E4-B3FA-07024C9A8CB8}"
EndProject
Global
	GlobalSection(SolutionConfigurationPlatforms) = preSolution
		Debug|Any CPU = Debug|Any CPU
		Release|Any CPU = Release|Any CPU
	EndGlobalSection
	GlobalSection(ProjectConfigurationPlatforms) = postSolution
		{F8B0126B-1967-4B55-BAF9-568283185A18}.Debug|Any CPU.ActiveCfg = Debug|Any CPU
		{F8B0126B-1967-4B55-BAF9-568283185A18}.Debug|Any CPU.Build.0 = Debug|Any CPU
		{F8B0126B-1967-4B55-BAF9-568283185A18}.Release|Any CPU.ActiveCfg = Release|Any CPU
		{F8B0126B-1967-4B55-BAF9-568283185A18}.Release|Any CPU.Build.0 = Release|Any CPU
		{3243039D-B8B8-43E7-8C48-C10CFC5CAB37}.Debug|Any CPU.ActiveCfg = Debug|Any CPU
		{3243039D-B8B8-43E7-8C48-C10CFC5CAB37}.Debug|Any CPU.Build.0 = Debug|Any CPU
		{3243039D-B8B8-43E7-8C48-C10CFC5CAB37}.Release|Any CPU.ActiveCfg = Release|Any CPU
		{3243039D-B8B8-43E7-8C48-C10CFC5CAB37}.Release|Any CPU.Build.0 = Release|Any CPU
		{140511CD-2E98-47E4-B3FA-07024C9A8CB8}.Debug|Any CPU.ActiveCfg = Debug|Any CPU
		{140511CD-2E98-47E4-B3FA-07024C9A8CB8}.Debug|Any CPU.Build.0 = Debug|Any CPU
		{140511CD-2E98-47E4-B3FA-07024C9A8CB8}.Release|Any CPU.ActiveCfg = Release|Any CPU
		{140511CD-2E98-47E4-B3FA-07024C9A8CB8}.Release|Any CPU.Build.0 = Release|Any CPU
	EndGlobalSection
	GlobalSection(SolutionProperties) = preSolution
		HideSolutionNode = FALSE
	EndGlobalSection
	GlobalSection(ExtensibilityGlobals) = postSolution
		SolutionGuid = {4E7B661E-33E2-44F7-8AD4-FE50ECA3831E}
	EndGlobalSection
EndGlobal
